
Microsoft Visual Studio Solution File, Format Version 12.00
# Visual Studio Version 17
VisualStudioVersion = 17.7.34221.43
MinimumVisualStudioVersion = 10.0.40219.1
Project("{FAE04EC0-301F-11D3-BF4B-00C04F79EFBC}") = "meshParser", "meshParser\meshParser.csproj", "{64F80F92-3430-47FB-973B-EDF9BF7FF12B}"
EndProject
Global
	GlobalSection(SolutionConfigurationPlatforms) = preSolution
		Debug|Any CPU = Debug|Any CPU
		Release|Any CPU = Release|Any CPU
	EndGlobalSection
	GlobalSection(ProjectConfigurationPlatforms) = postSolution
		{64F80F92-3430-47FB-973B-EDF9BF7FF12B}.Debug|Any CPU.ActiveCfg = Debug|Any CPU
		{64F80F92-3430-47FB-973B-EDF9BF7FF12B}.Debug|Any CPU.Build.0 = Debug|Any CPU
		{64F80F92-3430-47FB-973B-EDF9BF7FF12B}.Release|Any CPU.ActiveCfg = Release|Any CPU
		{64F80F92-3430-47FB-973B-EDF9BF7FF12B}.Release|Any CPU.Build.0 = Release|Any CPU
	EndGlobalSection
	GlobalSection(SolutionProperties) = preSolution
		HideSolutionNode = FALSE
	EndGlobalSection
	GlobalSection(ExtensibilityGlobals) = postSolution
		SolutionGuid = {48CD6F8B-81C4-44DD-BD7D-7D8D95720A1F}
	EndGlobalSection
EndGlobal
